version = 1
revision = 3
requires-python = "==3.12.0"

[[package]]
name = "aggdraw"
version = "1.3.19"
source = { registry = "https://pypi.org/simple" }
sdist = { url = "https://files.pythonhosted.org/packages/03/f1/031b1205f1f580c41566a509166f7097cbff13adffd0c1080b0b3e0ea4ae/aggdraw-1.3.19.tar.gz", hash = "sha256:e78a23b29fb66a079832bae5604f082bfa4ff9d5d469c77506a67253d7fee7db", size = 260414, upload-time = "2024-09-11T16:59:53.445Z" }
wheels = [
    { url = "https://files.pythonhosted.org/packages/46/93/aeab2f4832c10975eacf051296d6f674951e597a92ff64d7d397159b9ef5/aggdraw-1.3.19-cp312-cp312-macosx_14_0_arm64.whl", hash = "sha256:e68afe82d0bbd111b2d6d7f41ac8cf13a010cd65ad095117c2e9fd8252710a73", size = 479651, upload-time = "2024-09-11T16:59:31.408Z" },
    { url = "https://files.pythonhosted.org/packages/1d/99/2e7bbcca4be5e00656555041245f293cda360c2524d5ddf40f3a9bbfdf7b/aggdraw-1.3.19-cp312-cp312-manylinux_2_17_aarch64.manylinux2014_aarch64.whl", hash = "sha256:4f3ff2595490b3760658a28afdca5111ed787bd1fccdab5c81d0ea57e0fe5a8c", size = 975835, upload-time = "2024-09-11T16:59:33.54Z" },
    { url = "https://files.pythonhosted.org/packages/20/81/b845347ef6d399dafa7ac3e8dfe5993d71d2c73d52a1c21a429bb7e459ea/aggdraw-1.3.19-cp312-cp312-manylinux_2_17_x86_64.manylinux2014_x86_64.whl", hash = "sha256:56bbcc8d4f64e60ed815419837b9d2ba579169d92c4fe19e4caa3679aaedb6aa", size = 1000009, upload-time = "2024-09-11T16:59:35.31Z" },
    { url = "https://files.pythonhosted.org/packages/e9/64/0b8fef4d67d928043f9a24a7f65223d3734ea10c24ff0ca3bacbd888b4c1/aggdraw-1.3.19-cp312-cp312-win_amd64.whl", hash = "sha256:6a39bdf2f1043ca4148a926e35feaa1d4d592c25c8b225d8d0ad945415bab7cc", size = 45060, upload-time = "2024-09-11T16:59:37.055Z" },
    { url = "https://files.pythonhosted.org/packages/3c/9c/05ed3a30b8b6f40da118cf4ffa52599d33ecb49e0f4b10d3f0c9e4d6fbea/aggdraw-1.3.19-cp312-cp312-win_arm64.whl", hash = "sha256:21f951129b3014b3cf678b250ba5e4345d93243602b4062804e6111319d0eaf3", size = 34196, upload-time = "2024-09-11T16:59:38.045Z" },
]

[[package]]
name = "construct"
version = "2.10.70"
source = { registry = "https://pypi.org/simple" }
sdist = { url = "https://files.pythonhosted.org/packages/02/77/8c84b98eca70d245a2a956452f21d57930d22ab88cbeed9290ca630cf03f/construct-2.10.70.tar.gz", hash = "sha256:4d2472f9684731e58cc9c56c463be63baa1447d674e0d66aeb5627b22f512c29", size = 86337, upload-time = "2023-11-29T08:44:49.545Z" }
wheels = [
    { url = "https://files.pythonhosted.org/packages/b2/fb/08b3f4bf05da99aba8ffea52a558758def16e8516bc75ca94ff73587e7d3/construct-2.10.70-py3-none-any.whl", hash = "sha256:c80be81ef595a1a821ec69dc16099550ed22197615f4320b57cc9ce2a672cb30", size = 63020, upload-time = "2023-11-29T08:44:46.876Z" },
]

[[package]]
name = "gripapertureredux"
version = "0.1.0"
source = { virtual = "." }
dependencies = [
    { name = "construct" },
    { name = "klibs" },
    { name = "pyfirmata" },
]

[package.metadata]
requires-dist = [
    { name = "construct", specifier = ">=2.10.70" },
    { name = "klibs", git = "https://github.com/a-hurst/klibs" },
    { name = "pyfirmata", specifier = ">=1.1.0" },
]

[[package]]
name = "klibs"
version = "0.7.7b1"
source = { git = "https://github.com/a-hurst/klibs#08a6eb2995e24b62432d1ac3733b4d4861de79a4" }
dependencies = [
    { name = "aggdraw" },
    { name = "numpy" },
    { name = "pillow" },
    { name = "pyopengl" },
    { name = "pysdl2" },
    { name = "pysdl2-dll" },
]

[[package]]
name = "numpy"
version = "2.2.6"
source = { registry = "https://pypi.org/simple" }
sdist = { url = "https://files.pythonhosted.org/packages/76/21/7d2a95e4bba9dc13d043ee156a356c0a8f0c6309dff6b21b4d71a073b8a8/numpy-2.2.6.tar.gz", hash = "sha256:e29554e2bef54a90aa5cc07da6ce955accb83f21ab5de01a62c8478897b264fd", size = 20276440, upload-time = "2025-05-17T22:38:04.611Z" }
wheels = [
    { url = "https://files.pythonhosted.org/packages/82/5d/c00588b6cf18e1da539b45d3598d3557084990dcc4331960c15ee776ee41/numpy-2.2.6-cp312-cp312-macosx_10_13_x86_64.whl", hash = "sha256:41c5a21f4a04fa86436124d388f6ed60a9343a6f767fced1a8a71c3fbca038ff", size = 20875348, upload-time = "2025-05-17T21:34:39.648Z" },
    { url = "https://files.pythonhosted.org/packages/66/ee/560deadcdde6c2f90200450d5938f63a34b37e27ebff162810f716f6a230/numpy-2.2.6-cp312-cp312-macosx_11_0_arm64.whl", hash = "sha256:de749064336d37e340f640b05f24e9e3dd678c57318c7289d222a8a2f543e90c", size = 14119362, upload-time = "2025-05-17T21:35:01.241Z" },
    { url = "https://files.pythonhosted.org/packages/3c/65/4baa99f1c53b30adf0acd9a5519078871ddde8d2339dc5a7fde80d9d87da/numpy-2.2.6-cp312-cp312-macosx_14_0_arm64.whl", hash = "sha256:894b3a42502226a1cac872f840030665f33326fc3dac8e57c607905773cdcde3", size = 5084103, upload-time = "2025-05-17T21:35:10.622Z" },
    { url = "https://files.pythonhosted.org/packages/cc/89/e5a34c071a0570cc40c9a54eb472d113eea6d002e9ae12bb3a8407fb912e/numpy-2.2.6-cp312-cp312-macosx_14_0_x86_64.whl", hash = "sha256:71594f7c51a18e728451bb50cc60a3ce4e6538822731b2933209a1f3614e9282", size = 6625382, upload-time = "2025-05-17T21:35:21.414Z" },
    { url = "https://files.pythonhosted.org/packages/f8/35/8c80729f1ff76b3921d5c9487c7ac3de9b2a103b1cd05e905b3090513510/numpy-2.2.6-cp312-cp312-manylinux_2_17_aarch64.manylinux2014_aarch64.whl", hash = "sha256:f2618db89be1b4e05f7a1a847a9c1c0abd63e63a1607d892dd54668dd92faf87", size = 14018462, upload-time = "2025-05-17T21:35:42.174Z" },
    { url = "https://files.pythonhosted.org/packages/8c/3d/1e1db36cfd41f895d266b103df00ca5b3cbe965184df824dec5c08c6b803/numpy-2.2.6-cp312-cp312-manylinux_2_17_x86_64.manylinux2014_x86_64.whl", hash = "sha256:fd83c01228a688733f1ded5201c678f0c53ecc1006ffbc404db9f7a899ac6249", size = 16527618, upload-time = "2025-05-17T21:36:06.711Z" },
    { url = "https://files.pythonhosted.org/packages/61/c6/03ed30992602c85aa3cd95b9070a514f8b3c33e31124694438d88809ae36/numpy-2.2.6-cp312-cp312-musllinux_1_2_aarch64.whl", hash = "sha256:37c0ca431f82cd5fa716eca9506aefcabc247fb27ba69c5062a6d3ade8cf8f49", size = 15505511, upload-time = "2025-05-17T21:36:29.965Z" },
    { url = "https://files.pythonhosted.org/packages/b7/25/5761d832a81df431e260719ec45de696414266613c9ee268394dd5ad8236/numpy-2.2.6-cp312-cp312-musllinux_1_2_x86_64.whl", hash = "sha256:fe27749d33bb772c80dcd84ae7e8df2adc920ae8297400dabec45f0dedb3f6de", size = 18313783, upload-time = "2025-05-17T21:36:56.883Z" },
    { url = "https://files.pythonhosted.org/packages/57/0a/72d5a3527c5ebffcd47bde9162c39fae1f90138c961e5296491ce778e682/numpy-2.2.6-cp312-cp312-win32.whl", hash = "sha256:4eeaae00d789f66c7a25ac5f34b71a7035bb474e679f410e5e1a94deb24cf2d4", size = 6246506, upload-time = "2025-05-17T21:37:07.368Z" },
    { url = "https://files.pythonhosted.org/packages/36/fa/8c9210162ca1b88529ab76b41ba02d433fd54fecaf6feb70ef9f124683f1/numpy-2.2.6-cp312-cp312-win_amd64.whl", hash = "sha256:c1f9540be57940698ed329904db803cf7a402f3fc200bfe599334c9bd84a40b2", size = 12614190, upload-time = "2025-05-17T21:37:26.213Z" },
]

[[package]]
name = "pillow"
version = "11.2.1"
source = { registry = "https://pypi.org/simple" }
sdist = { url = "https://files.pythonhosted.org/packages/af/cb/bb5c01fcd2a69335b86c22142b2bccfc3464087efb7fd382eee5ffc7fdf7/pillow-11.2.1.tar.gz", hash = "sha256:a64dd61998416367b7ef979b73d3a85853ba9bec4c2925f74e588879a58716b6", size = 47026707, upload-time = "2025-04-12T17:50:03.289Z" }
wheels = [
    { url = "https://files.pythonhosted.org/packages/c7/40/052610b15a1b8961f52537cc8326ca6a881408bc2bdad0d852edeb6ed33b/pillow-11.2.1-cp312-cp312-macosx_10_13_x86_64.whl", hash = "sha256:78afba22027b4accef10dbd5eed84425930ba41b3ea0a86fa8d20baaf19d807f", size = 3190185, upload-time = "2025-04-12T17:48:00.417Z" },
    { url = "https://files.pythonhosted.org/packages/e5/7e/b86dbd35a5f938632093dc40d1682874c33dcfe832558fc80ca56bfcb774/pillow-11.2.1-cp312-cp312-macosx_11_0_arm64.whl", hash = "sha256:78092232a4ab376a35d68c4e6d5e00dfd73454bd12b230420025fbe178ee3b0b", size = 3030306, upload-time = "2025-04-12T17:48:02.391Z" },
    { url = "https://files.pythonhosted.org/packages/a4/5c/467a161f9ed53e5eab51a42923c33051bf8d1a2af4626ac04f5166e58e0c/pillow-11.2.1-cp312-cp312-manylinux_2_17_aarch64.manylinux2014_aarch64.whl", hash = "sha256:25a5f306095c6780c52e6bbb6109624b95c5b18e40aab1c3041da3e9e0cd3e2d", size = 4416121, upload-time = "2025-04-12T17:48:04.554Z" },
    { url = "https://files.pythonhosted.org/packages/62/73/972b7742e38ae0e2ac76ab137ca6005dcf877480da0d9d61d93b613065b4/pillow-11.2.1-cp312-cp312-manylinux_2_17_x86_64.manylinux2014_x86_64.whl", hash = "sha256:0c7b29dbd4281923a2bfe562acb734cee96bbb129e96e6972d315ed9f232bef4", size = 4501707, upload-time = "2025-04-12T17:48:06.831Z" },
    { url = "https://files.pythonhosted.org/packages/e4/3a/427e4cb0b9e177efbc1a84798ed20498c4f233abde003c06d2650a6d60cb/pillow-11.2.1-cp312-cp312-manylinux_2_28_aarch64.whl", hash = "sha256:3e645b020f3209a0181a418bffe7b4a93171eef6c4ef6cc20980b30bebf17b7d", size = 4522921, upload-time = "2025-04-12T17:48:09.229Z" },
    { url = "https://files.pythonhosted.org/packages/fe/7c/d8b1330458e4d2f3f45d9508796d7caf0c0d3764c00c823d10f6f1a3b76d/pillow-11.2.1-cp312-cp312-manylinux_2_28_x86_64.whl", hash = "sha256:b2dbea1012ccb784a65349f57bbc93730b96e85b42e9bf7b01ef40443db720b4", size = 4612523, upload-time = "2025-04-12T17:48:11.631Z" },
    { url = "https://files.pythonhosted.org/packages/b3/2f/65738384e0b1acf451de5a573d8153fe84103772d139e1e0bdf1596be2ea/pillow-11.2.1-cp312-cp312-musllinux_1_2_aarch64.whl", hash = "sha256:da3104c57bbd72948d75f6a9389e6727d2ab6333c3617f0a89d72d4940aa0443", size = 4587836, upload-time = "2025-04-12T17:48:13.592Z" },
    { url = "https://files.pythonhosted.org/packages/6a/c5/e795c9f2ddf3debb2dedd0df889f2fe4b053308bb59a3cc02a0cd144d641/pillow-11.2.1-cp312-cp312-musllinux_1_2_x86_64.whl", hash = "sha256:598174aef4589af795f66f9caab87ba4ff860ce08cd5bb447c6fc553ffee603c", size = 4669390, upload-time = "2025-04-12T17:48:15.938Z" },
    { url = "https://files.pythonhosted.org/packages/96/ae/ca0099a3995976a9fce2f423166f7bff9b12244afdc7520f6ed38911539a/pillow-11.2.1-cp312-cp312-win32.whl", hash = "sha256:1d535df14716e7f8776b9e7fee118576d65572b4aad3ed639be9e4fa88a1cad3", size = 2332309, upload-time = "2025-04-12T17:48:17.885Z" },
    { url = "https://files.pythonhosted.org/packages/7c/18/24bff2ad716257fc03da964c5e8f05d9790a779a8895d6566e493ccf0189/pillow-11.2.1-cp312-cp312-win_amd64.whl", hash = "sha256:14e33b28bf17c7a38eede290f77db7c664e4eb01f7869e37fa98a5aa95978941", size = 2676768, upload-time = "2025-04-12T17:48:19.655Z" },
    { url = "https://files.pythonhosted.org/packages/da/bb/e8d656c9543276517ee40184aaa39dcb41e683bca121022f9323ae11b39d/pillow-11.2.1-cp312-cp312-win_arm64.whl", hash = "sha256:21e1470ac9e5739ff880c211fc3af01e3ae505859392bf65458c224d0bf283eb", size = 2415087, upload-time = "2025-04-12T17:48:21.991Z" },
]

[[package]]
name = "pyfirmata"
version = "1.1.0"
source = { registry = "https://pypi.org/simple" }
dependencies = [
    { name = "pyserial" },
]
sdist = { url = "https://files.pythonhosted.org/packages/ff/e6/512cc154c0370e22429db3139e7c906c4f8ad2646f4ca816547e9ae2c26c/pyFirmata-1.1.0.tar.gz", hash = "sha256:cc180d1b30c85a2bbca62c15fef1b871db048cdcfa80959968356d97bd3ff08e", size = 14447, upload-time = "2019-03-10T16:21:08.481Z" }
wheels = [
    { url = "https://files.pythonhosted.org/packages/14/f0/05e30c9cee38f9c0e8ef08a07ff28e4c391c7d95e2bcb1f334f58cc2bb28/pyFirmata-1.1.0-py2.py3-none-any.whl", hash = "sha256:03091ffd0b06a483d286d9738ead97a50c55cf1bf6b89a5bd0c420d0a7797420", size = 14262, upload-time = "2019-03-10T16:21:06.739Z" },
]

[[package]]
name = "pyopengl"
version = "3.1.9"
source = { registry = "https://pypi.org/simple" }
sdist = { url = "https://files.pythonhosted.org/packages/c0/42/71080db298df3ddb7e3090bfea8fd7c300894d8b10954c22f8719bd434eb/pyopengl-3.1.9.tar.gz", hash = "sha256:28ebd82c5f4491a418aeca9672dffb3adbe7d33b39eada4548a5b4e8c03f60c8", size = 1913642, upload-time = "2025-01-20T02:17:53.263Z" }
wheels = [
    { url = "https://files.pythonhosted.org/packages/92/44/8634af40b0db528b5b37e901c0dc67321354880d251bf8965901d57693a5/PyOpenGL-3.1.9-py3-none-any.whl", hash = "sha256:15995fd3b0deb991376805da36137a4ae5aba6ddbb5e29ac1f35462d130a3f77", size = 3190341, upload-time = "2025-01-20T02:17:50.913Z" },
]

[[package]]
name = "pysdl2"
version = "0.9.17"
source = { registry = "https://pypi.org/simple" }
sdist = { url = "https://files.pythonhosted.org/packages/d7/ff/8704d84ad4d25f0a7bf7912504f64575e432e8d57dfba2fe35f5b2db7e04/pysdl2-0.9.17.tar.gz", hash = "sha256:48c6ef01a4eb123db5f7e46e1a1b565675755b07e615f3fe20a623c94735b52b", size = 775955, upload-time = "2024-12-30T18:07:27.562Z" }
wheels = [
    { url = "https://files.pythonhosted.org/packages/5d/e2/399ea7900e7510096aeb41439e6f1540bef0bdf7e15cc2d8464e4adb71e8/PySDL2-0.9.17-py3-none-any.whl", hash = "sha256:fe923dbf5c7b27bbc1eb2bf58abfa793f8f13fd7ae8b27b1bc2de49920bcbd41", size = 583137, upload-time = "2024-12-30T18:07:25.987Z" },
]

[[package]]
name = "pysdl2-dll"
version = "2.32.0"
source = { registry = "https://pypi.org/simple" }
sdist = { url = "https://files.pythonhosted.org/packages/0e/9e/edc54eb68ebdb3e26302c330a6e2171ebb41179fa1245caa03b3ea89c930/pysdl2-dll-2.32.0.tar.gz", hash = "sha256:4ee29af075c0ca2f0f7a4478f9f01d1caa3b8bdcc5ea8492ef379d8528ddd821", size = 15377, upload-time = "2025-03-20T20:50:46.571Z" }
wheels = [
    { url = "https://files.pythonhosted.org/packages/6c/85/8e3290d674f96768efdf62c20630a018a4204d5192bc58af0eca55c2249c/pysdl2_dll-2.32.0-py2.py3-none-macosx_10_11_universal2.whl", hash = "sha256:61adecf7501e074a8b476eebffbc1661f1553681db8d01b3047a9674b737b9fa", size = 6579935, upload-time = "2025-03-20T20:53:03.319Z" },
    { url = "https://files.pythonhosted.org/packages/2a/7e/b699279c78f4ba978dbe17782b18f12909dc04ab1f42c6835aac365518c0/pysdl2_dll-2.32.0-py2.py3-none-macosx_10_11_x86_64.whl", hash = "sha256:745da0fd2bca264620fb65db8fbb473d230a2ddb649952c84b93592d663d95cc", size = 6579932, upload-time = "2025-03-20T20:53:04.686Z" },
    { url = "https://files.pythonhosted.org/packages/6b/fe/8a8d56f3674b6ab685ffc64a5bb3819f643717972f06690b19ba6d72c3e6/pysdl2_dll-2.32.0-py2.py3-none-manylinux2014_i686.whl", hash = "sha256:9f8c5945dda098037be08ff480a995d7c34b9e2e8afcf743de26e8e1ffff0e22", size = 4536089, upload-time = "2025-03-20T20:58:20.977Z" },
    { url = "https://files.pythonhosted.org/packages/ef/09/246560c698f6c857f522134b648e12b5a9fecb89a82abeb1ed36cf17f0f0/pysdl2_dll-2.32.0-py2.py3-none-manylinux2014_x86_64.whl", hash = "sha256:9086bd345be6d4e3463379703701a4ff6acdd2991a49f5722ad4f8bc86b26539", size = 4238730, upload-time = "2025-03-20T21:00:16.371Z" },
    { url = "https://files.pythonhosted.org/packages/a0/87/88203f9a7f72246a1388d7a8cb15045ba119ca4e79bb7d1ad624fe9519f6/pysdl2_dll-2.32.0-py2.py3-none-manylinux_2_28_aarch64.whl", hash = "sha256:c9a5c97b0647f9ddf9ad52f5f95b90d1dbf362ab52fcad0ff091e3f32663b257", size = 4437888, upload-time = "2025-03-20T20:59:27.021Z" },
    { url = "https://files.pythonhosted.org/packages/80/11/9bee58ff7aa742e7917d97a926ff3d1c2e9a67ac2e82244c4c50c51e3df8/pysdl2_dll-2.32.0-py2.py3-none-manylinux_2_28_x86_64.whl", hash = "sha256:490f1525c47ab00d8150ed1245fb306f02628d1b43f0e162e6903ed5c1a4a1ef", size = 5176310, upload-time = "2025-03-20T20:59:43.748Z" },
    { url = "https://files.pythonhosted.org/packages/2e/9c/f09d804737501b4813b3612c95e4d74dcbc0c82a51a74542ed8e5a4a27b0/pysdl2_dll-2.32.0-py2.py3-none-win32.whl", hash = "sha256:0139ce2160d8387fa4f9bbd5272b374be521e9dd133cd9a2d76c20a20d599bed", size = 3405412, upload-time = "2025-03-20T20:51:54.036Z" },
    { url = "https://files.pythonhosted.org/packages/47/ef/5ba6580e06aec8f1e3004269a6939457e63e4791ca1e36ab2e3492a120da/pysdl2_dll-2.32.0-py2.py3-none-win_amd64.whl", hash = "sha256:28f577907bf17df3b3600daebbf0534aeaa44af266430ba09c7e04ab3e22b41f", size = 4042963, upload-time = "2025-03-20T20:52:34.372Z" },
]

[[package]]
name = "pyserial"
version = "3.5"
source = { registry = "https://pypi.org/simple" }
sdist = { url = "https://files.pythonhosted.org/packages/1e/7d/ae3f0a63f41e4d2f6cb66a5b57197850f919f59e558159a4dd3a818f5082/pyserial-3.5.tar.gz", hash = "sha256:3c77e014170dfffbd816e6ffc205e9842efb10be9f58ec16d3e8675b4925cddb", size = 159125, upload-time = "2020-11-23T03:59:15.045Z" }
wheels = [
    { url = "https://files.pythonhosted.org/packages/07/bc/587a445451b253b285629263eb51c2d8e9bcea4fc97826266d186f96f558/pyserial-3.5-py2.py3-none-any.whl", hash = "sha256:c4451db6ba391ca6ca299fb3ec7bae67a5c55dde170964c7a14ceefec02f2cf0", size = 90585, upload-time = "2020-11-23T03:59:13.41Z" },
]
